
Microsoft Visual Studio Solution File, Format Version 12.00
# Visual Studio Version 17
VisualStudioVersion = 17.9.34723.18
MinimumVisualStudioVersion = 10.0.40219.1
Project("{FAE04EC0-301F-11D3-BF4B-00C04F79EFBC}") = "Task1", "Task1.csproj", "{0AA2F1EF-A7CB-44D2-A2DE-777433ACA2AF}"
EndProject
Project("{FAE04EC0-301F-11D3-BF4B-00C04F79EFBC}") = "Task2", "..\Task2\Task2.csproj", "{55FB6690-5B02-4F06-9342-00DF452B3DB1}"
EndProject
Project("{FAE04EC0-301F-11D3-BF4B-00C04F79EFBC}") = "Task3", "..\Task3\Task3.csproj", "{FC56E24E-3599-4756-BF0D-34F55DBB7B4A}"
EndProject
Project("{FAE04EC0-301F-11D3-BF4B-00C04F79EFBC}") = "Task5", "..\Task5\Task5.csproj", "{C94FFACC-F619-4CDC-A02C-ED0C91494B85}"
EndProject
Project("{FAE04EC0-301F-11D3-BF4B-00C04F79EFBC}") = "Task4", "..\Task4\Task4.csproj", "{E077D102-5D4D-4668-B106-572BFE4062EA}"
EndProject
Project("{FAE04EC0-301F-11D3-BF4B-00C04F79EFBC}") = "Task6", "..\Task6\Task6.csproj", "{88C475EA-3DC1-4F88-8769-EE99CA02EC1D}"
EndProject
Project("{FAE04EC0-301F-11D3-BF4B-00C04F79EFBC}") = "Task7", "..\Task7\Task7.csproj", "{13BBB4DC-73FA-4348-984E-B9D08E7CF163}"
EndProject
Project("{FAE04EC0-301F-11D3-BF4B-00C04F79EFBC}") = "Task8", "..\Task8\Task8.csproj", "{D1B08DB5-8ADE-42FC-AE30-D8755D9D9A62}"
EndProject
Project("{FAE04EC0-301F-11D3-BF4B-00C04F79EFBC}") = "Task9", "..\Task9\Task9.csproj", "{51196E3C-F24C-48C5-894E-0F7EFC44846F}"
EndProject
Project("{FAE04EC0-301F-11D3-BF4B-00C04F79EFBC}") = "Task10", "..\Task10\Task10.csproj", "{460A174C-B241-4DEC-9142-86F6A935594C}"
EndProject
Project("{FAE04EC0-301F-11D3-BF4B-00C04F79EFBC}") = "Task11", "..\Task11\Task11.csproj", "{39B5B839-8D24-4FF2-BBBC-7125B37854A0}"
EndProject
Project("{FAE04EC0-301F-11D3-BF4B-00C04F79EFBC}") = "Task12", "..\Task12\Task12.csproj", "{1E7511BF-9AEB-4128-B86C-8953B637DF0B}"
EndProject
Project("{FAE04EC0-301F-11D3-BF4B-00C04F79EFBC}") = "Task13", "..\Task13\Task13.csproj", "{7B93A11B-627C-426B-9A45-9EE5A535C748}"
EndProject
Project("{FAE04EC0-301F-11D3-BF4B-00C04F79EFBC}") = "Task14", "..\Task14\Task14.csproj", "{542ED72D-CD1A-4527-90FB-AF46E3195EF2}"
EndProject
Project("{FAE04EC0-301F-11D3-BF4B-00C04F79EFBC}") = "Task15", "..\Task15\Task15.csproj", "{CB260B37-245F-4C58-9A8D-AAAF8E81AC09}"
EndProject
Global
	GlobalSection(SolutionConfigurationPlatforms) = preSolution
		Debug|Any CPU = Debug|Any CPU
		Release|Any CPU = Release|Any CPU
	EndGlobalSection
	GlobalSection(ProjectConfigurationPlatforms) = postSolution
		{0AA2F1EF-A7CB-44D2-A2DE-777433ACA2AF}.Debug|Any CPU.ActiveCfg = Debug|Any CPU
		{0AA2F1EF-A7CB-44D2-A2DE-777433ACA2AF}.Debug|Any CPU.Build.0 = Debug|Any CPU
		{0AA2F1EF-A7CB-44D2-A2DE-777433ACA2AF}.Release|Any CPU.ActiveCfg = Release|Any CPU
		{0AA2F1EF-A7CB-44D2-A2DE-777433ACA2AF}.Release|Any CPU.Build.0 = Release|Any CPU
		{55FB6690-5B02-4F06-9342-00DF452B3DB1}.Debug|Any CPU.ActiveCfg = Debug|Any CPU
		{55FB6690-5B02-4F06-9342-00DF452B3DB1}.Debug|Any CPU.Build.0 = Debug|Any CPU
		{55FB6690-5B02-4F06-9342-00DF452B3DB1}.Release|Any CPU.ActiveCfg = Release|Any CPU
		{55FB6690-5B02-4F06-9342-00DF452B3DB1}.Release|Any CPU.Build.0 = Release|Any CPU
		{FC56E24E-3599-4756-BF0D-34F55DBB7B4A}.Debug|Any CPU.ActiveCfg = Debug|Any CPU
		{FC56E24E-3599-4756-BF0D-34F55DBB7B4A}.Debug|Any CPU.Build.0 = Debug|Any CPU
		{FC56E24E-3599-4756-BF0D-34F55DBB7B4A}.Release|Any CPU.ActiveCfg = Release|Any CPU
		{FC56E24E-3599-4756-BF0D-34F55DBB7B4A}.Release|Any CPU.Build.0 = Release|Any CPU
		{C94FFACC-F619-4CDC-A02C-ED0C91494B85}.Debug|Any CPU.ActiveCfg = Debug|Any CPU
		{C94FFACC-F619-4CDC-A02C-ED0C91494B85}.Debug|Any CPU.Build.0 = Debug|Any CPU
		{C94FFACC-F619-4CDC-A02C-ED0C91494B85}.Release|Any CPU.ActiveCfg = Release|Any CPU
		{C94FFACC-F619-4CDC-A02C-ED0C91494B85}.Release|Any CPU.Build.0 = Release|Any CPU
		{E077D102-5D4D-4668-B106-572BFE4062EA}.Debug|Any CPU.ActiveCfg = Debug|Any CPU
		{E077D102-5D4D-4668-B106-572BFE4062EA}.Debug|Any CPU.Build.0 = Debug|Any CPU
		{E077D102-5D4D-4668-B106-572BFE4062EA}.Release|Any CPU.ActiveCfg = Release|Any CPU
		{E077D102-5D4D-4668-B106-572BFE4062EA}.Release|Any CPU.Build.0 = Release|Any CPU
		{88C475EA-3DC1-4F88-8769-EE99CA02EC1D}.Debug|Any CPU.ActiveCfg = Debug|Any CPU
		{88C475EA-3DC1-4F88-8769-EE99CA02EC1D}.Debug|Any CPU.Build.0 = Debug|Any CPU
		{88C475EA-3DC1-4F88-8769-EE99CA02EC1D}.Release|Any CPU.ActiveCfg = Release|Any CPU
		{88C475EA-3DC1-4F88-8769-EE99CA02EC1D}.Release|Any CPU.Build.0 = Release|Any CPU
		{13BBB4DC-73FA-4348-984E-B9D08E7CF163}.Debug|Any CPU.ActiveCfg = Debug|Any CPU
		{13BBB4DC-73FA-4348-984E-B9D08E7CF163}.Debug|Any CPU.Build.0 = Debug|Any CPU
		{13BBB4DC-73FA-4348-984E-B9D08E7CF163}.Release|Any CPU.ActiveCfg = Release|Any CPU
		{13BBB4DC-73FA-4348-984E-B9D08E7CF163}.Release|Any CPU.Build.0 = Release|Any CPU
		{D1B08DB5-8ADE-42FC-AE30-D8755D9D9A62}.Debug|Any CPU.ActiveCfg = Debug|Any CPU
		{D1B08DB5-8ADE-42FC-AE30-D8755D9D9A62}.Debug|Any CPU.Build.0 = Debug|Any CPU
		{D1B08DB5-8ADE-42FC-AE30-D8755D9D9A62}.Release|Any CPU.ActiveCfg = Release|Any CPU
		{D1B08DB5-8ADE-42FC-AE30-D8755D9D9A62}.Release|Any CPU.Build.0 = Release|Any CPU
		{51196E3C-F24C-48C5-894E-0F7EFC44846F}.Debug|Any CPU.ActiveCfg = Debug|Any CPU
		{51196E3C-F24C-48C5-894E-0F7EFC44846F}.Debug|Any CPU.Build.0 = Debug|Any CPU
		{51196E3C-F24C-48C5-894E-0F7EFC44846F}.Release|Any CPU.ActiveCfg = Release|Any CPU
		{51196E3C-F24C-48C5-894E-0F7EFC44846F}.Release|Any CPU.Build.0 = Release|Any CPU
		{460A174C-B241-4DEC-9142-86F6A935594C}.Debug|Any CPU.ActiveCfg = Debug|Any CPU
		{460A174C-B241-4DEC-9142-86F6A935594C}.Debug|Any CPU.Build.0 = Debug|Any CPU
		{460A174C-B241-4DEC-9142-86F6A935594C}.Release|Any CPU.ActiveCfg = Release|Any CPU
		{460A174C-B241-4DEC-9142-86F6A935594C}.Release|Any CPU.Build.0 = Release|Any CPU
		{39B5B839-8D24-4FF2-BBBC-7125B37854A0}.Debug|Any CPU.ActiveCfg = Debug|Any CPU
		{39B5B839-8D24-4FF2-BBBC-7125B37854A0}.Debug|Any CPU.Build.0 = Debug|Any CPU
		{39B5B839-8D24-4FF2-BBBC-7125B37854A0}.Release|Any CPU.ActiveCfg = Release|Any CPU
		{39B5B839-8D24-4FF2-BBBC-7125B37854A0}.Release|Any CPU.Build.0 = Release|Any CPU
		{1E7511BF-9AEB-4128-B86C-8953B637DF0B}.Debug|Any CPU.ActiveCfg = Debug|Any CPU
		{1E7511BF-9AEB-4128-B86C-8953B637DF0B}.Debug|Any CPU.Build.0 = Debug|Any CPU
		{1E7511BF-9AEB-4128-B86C-8953B637DF0B}.Release|Any CPU.ActiveCfg = Release|Any CPU
		{1E7511BF-9AEB-4128-B86C-8953B637DF0B}.Release|Any CPU.Build.0 = Release|Any CPU
		{7B93A11B-627C-426B-9A45-9EE5A535C748}.Debug|Any CPU.ActiveCfg = Debug|Any CPU
		{7B93A11B-627C-426B-9A45-9EE5A535C748}.Debug|Any CPU.Build.0 = Debug|Any CPU
		{7B93A11B-627C-426B-9A45-9EE5A535C748}.Release|Any CPU.ActiveCfg = Release|Any CPU
		{7B93A11B-627C-426B-9A45-9EE5A535C748}.Release|Any CPU.Build.0 = Release|Any CPU
		{542ED72D-CD1A-4527-90FB-AF46E3195EF2}.Debug|Any CPU.ActiveCfg = Debug|Any CPU
		{542ED72D-CD1A-4527-90FB-AF46E3195EF2}.Debug|Any CPU.Build.0 = Debug|Any CPU
		{542ED72D-CD1A-4527-90FB-AF46E3195EF2}.Release|Any CPU.ActiveCfg = Release|Any CPU
		{542ED72D-CD1A-4527-90FB-AF46E3195EF2}.Release|Any CPU.Build.0 = Release|Any CPU
		{CB260B37-245F-4C58-9A8D-AAAF8E81AC09}.Debug|Any CPU.ActiveCfg = Debug|Any CPU
		{CB260B37-245F-4C58-9A8D-AAAF8E81AC09}.Debug|Any CPU.Build.0 = Debug|Any CPU
		{CB260B37-245F-4C58-9A8D-AAAF8E81AC09}.Release|Any CPU.ActiveCfg = Release|Any CPU
		{CB260B37-245F-4C58-9A8D-AAAF8E81AC09}.Release|Any CPU.Build.0 = Release|Any CPU
	EndGlobalSection
	GlobalSection(SolutionProperties) = preSolution
		HideSolutionNode = FALSE
	EndGlobalSection
	GlobalSection(ExtensibilityGlobals) = postSolution
		SolutionGuid = {BC16A3BF-38A4-40F3-B7A6-7EFE91E9F634}
	EndGlobalSection
EndGlobal
